<?xml version="1.0" encoding="utf-8"?>
<Project ToolsVersion="4.0" xmlns="http://schemas.microsoft.com/developer/msbuild/2003">
  <ItemGroup>
    <Filter Include="Header Files">
      <UniqueIdentifier>{93995380-89BD-4b04-88EB-625FBE52EBFB}</UniqueIdentifier>
      <Extensions>h;hh;hpp;hxx;hm;inl;inc;xsd</Extensions>
    </Filter>
    <Filter Include="Menu">
      <UniqueIdentifier>{2a12d025-c2ec-49af-84af-2c26d0618e38}</UniqueIdentifier>
    </Filter>
    <Filter Include="Source Files">
      <UniqueIdentifier>{4FC737F1-C7A5-4376-A066-2A32D752A2FF}</UniqueIdentifier>
      <Extensions>cpp;c;cc;cxx;def;odl;idl;hpj;bat;asm;asmx</Extensions>
    </Filter>
  </ItemGroup>
  <ItemGroup>
    <ClInclude Include="targetver.h">
      <Filter>Header Files</Filter>
    </ClInclude>
    <ClInclude Include="Log.h">
      <Filter>Header Files</Filter>
    </ClInclude>
    <ClInclude Include="stdafx.h">
      <Filter>Header Files</Filter>
    </ClInclude>
    <ClInclude Include="types.h">
      <Filter>Header Files</Filter>
    </ClInclude>
    <ClInclude Include="nativeCaller.h">
      <Filter>Header Files</Filter>
    </ClInclude>
    <ClInclude Include="Memory.h">
      <Filter>Header Files</Filter>
    </ClInclude>
    <ClInclude Include="NativeInvoker.h">
      <Filter>Header Files</Filter>
    </ClInclude>
    <ClInclude Include="CrossMapping.h">
      <Filter>Header Files</Filter>
    </ClInclude>
    <ClInclude Include="InputHook.h">
      <Filter>Header Files</Filter>
    </ClInclude>
    <ClInclude Include="keyboard.h">
      <Filter>Header Files</Filter>
    </ClInclude>
    <ClInclude Include="Functions.h">
      <Filter>Header Files</Filter>
    </ClInclude>
    <ClInclude Include="menu.h">
      <Filter>Menu</Filter>
    </ClInclude>
    <ClInclude Include="enums.h">
      <Filter>Header Files</Filter>
    </ClInclude>
    <ClInclude Include="Hooking.h">
      <Filter>Header Files</Filter>
    </ClInclude>
    <ClInclude Include="natives.h">
      <Filter>Header Files</Filter>
    </ClInclude>
    <ClInclude Include="subs.h">
      <Filter>Menu</Filter>
    </ClInclude>
    <ClInclude Include="Structs.h">
      <Filter>Header Files</Filter>
    </ClInclude>
    <ClInclude Include="resource.h">
      <Filter>Header Files</Filter>
    </ClInclude>
    <ClInclude Include="Features.h">
      <Filter>Menu</Filter>
    </ClInclude>
    <ClInclude Include="GUI.h">
      <Filter>Menu</Filter>
    </ClInclude>
    <ClInclude Include="MinHook\include\MinHook.h">
      <Filter>Header Files</Filter>
    </ClInclude>
    <ClInclude Include="Scanner.h">
      <Filter>Header Files</Filter>
    </ClInclude>
    <ClInclude Include="Unload.h">
      <Filter>Header Files</Filter>
    </ClInclude>
    <ClInclude Include="Ini.h">
      <Filter>Header Files</Filter>
    </ClInclude>
    <ClInclude Include="vehicles.h">
      <Filter>Header Files</Filter>
    </ClInclude>
    <ClInclude Include="WinHeaders.h">
      <Filter>Header Files</Filter>
    </ClInclude>
    <ClInclude Include="Siggi.h">
      <Filter>Header Files</Filter>
    </ClInclude>
    <ClInclude Include="Sigscan.h">
      <Filter>Header Files</Filter>
    </ClInclude>
    <ClInclude Include="x-script.h">
      <Filter>Header Files</Filter>
    </ClInclude>
    <ClInclude Include="raycast.h">
      <Filter>Header Files</Filter>
    </ClInclude>
    <ClInclude Include="reclass.h">
      <Filter>Header Files</Filter>
    </ClInclude>
    <ClInclude Include="JSON\json.hpp">
      <Filter>Header Files</Filter>
    </ClInclude>
    <ClInclude Include="Auth\Networking\atlrx.h">
      <Filter>Header Files</Filter>
    </ClInclude>
    <ClInclude Include="Auth\Networking\RegExp.h">
      <Filter>Header Files</Filter>
    </ClInclude>
    <ClInclude Include="Auth\Networking\sha512.hh">
      <Filter>Header Files</Filter>
    </ClInclude>
    <ClInclude Include="Auth\Networking\StringProcess.h">
      <Filter>Header Files</Filter>
    </ClInclude>
    <ClInclude Include="Auth\Networking\WinHttpClient.h">
      <Filter>Header Files</Filter>
    </ClInclude>
    <ClInclude Include="Auth\Networking\Web2.0.h">
      <Filter>Header Files</Filter>
    </ClInclude>
    <ClInclude Include="Auth.h">
      <Filter>Header Files</Filter>
    </ClInclude>
    <ClInclude Include="Translation.h">
      <Filter>Header Files</Filter>
    </ClInclude>
    <ClInclude Include="Scriptthread.h">
      <Filter>Header Files</Filter>
    </ClInclude>
  </ItemGroup>
  <ItemGroup>
    <ClCompile Include="stdafx.cpp">
      <Filter>Source Files</Filter>
    </ClCompile>
    <ClCompile Include="dllmain.cpp">
      <Filter>Source Files</Filter>
    </ClCompile>
    <ClCompile Include="Log.cpp">
      <Filter>Source Files</Filter>
    </ClCompile>
    <ClCompile Include="Memory.cpp">
      <Filter>Source Files</Filter>
    </ClCompile>
    <ClCompile Include="NativeInvoker.cpp">
      <Filter>Source Files</Filter>
    </ClCompile>
    <ClCompile Include="keyboard.cpp">
      <Filter>Source Files</Filter>
    </ClCompile>
    <ClCompile Include="InputHook.cpp">
      <Filter>Source Files</Filter>
    </ClCompile>
    <ClCompile Include="Functions.cpp">
      <Filter>Source Files</Filter>
    </ClCompile>
    <ClCompile Include="Menu.cpp">
      <Filter>Menu</Filter>
    </ClCompile>
    <ClCompile Include="CrossMapping.cpp">
      <Filter>Source Files</Filter>
    </ClCompile>
    <ClCompile Include="Hooking.cpp">
      <Filter>Source Files</Filter>
    </ClCompile>
    <ClCompile Include="Features.cpp">
      <Filter>Menu</Filter>
    </ClCompile>
    <ClCompile Include="GUI.cpp">
      <Filter>Menu</Filter>
    </ClCompile>
    <ClCompile Include="Unload.cpp">
      <Filter>Source Files</Filter>
    </ClCompile>
    <ClCompile Include="Ini.cpp">
      <Filter>Source Files</Filter>
    </ClCompile>
    <ClCompile Include="Vehicles.cpp">
      <Filter>Source Files</Filter>
    </ClCompile>
    <ClCompile Include="Siggi.cpp">
      <Filter>Source Files</Filter>
    </ClCompile>
    <ClCompile Include="Fixed_natives.cpp">
      <Filter>Source Files</Filter>
    </ClCompile>
    <ClCompile Include="X_script.cpp">
      <Filter>Source Files</Filter>
    </ClCompile>
    <ClCompile Include="Raycast.cpp">
      <Filter>Source Files</Filter>
    </ClCompile>
    <ClCompile Include="Auth.cpp">
      <Filter>Source Files</Filter>
    </ClCompile>
    <ClCompile Include="translation.cpp">
      <Filter>Source Files</Filter>
    </ClCompile>
    <ClCompile Include="ScriptThread.cpp">
      <Filter>Source Files</Filter>
    </ClCompile>
  </ItemGroup>
  <ItemGroup>
    <None Include="MinHook\bin\MinHook.x64.dll" />
    <None Include="MinHook\bin\MinHook.x86.dll" />
  </ItemGroup>
  <ItemGroup>
    <Library Include="MinHook\bin\MinHook.x64.lib" />
    <Library Include="MinHook\bin\MinHook.x86.lib" />
    <Library Include="MinHook\lib\libMinHook-x64-v141-md.lib" />
    <Library Include="MinHook\lib\libMinHook-x64-v141-mdd.lib" />
    <Library Include="MinHook\lib\libMinHook-x64-v141-mt.lib" />
    <Library Include="MinHook\lib\libMinHook-x64-v141-mtd.lib" />
    <Library Include="MinHook\lib\libMinHook-x64-v140-md.lib" />
    <Library Include="MinHook\lib\libMinHook-x64-v140-mdd.lib" />
    <Library Include="MinHook\lib\libMinHook-x64-v140-mt.lib" />
    <Library Include="MinHook\lib\libMinHook-x64-v140-mtd.lib" />
  </ItemGroup>
</Project>